PODS:
  - HTAutocompleteTextField (1.2.2)
  - iRate (1.7.5)
  - TestFlightSDK (2.0)

DEPENDENCIES:
  - HTAutocompleteTextField
  - iRate
  - TestFlightSDK

SPEC CHECKSUMS:
  HTAutocompleteTextField: 6b5f54f9aad0ac4ec119de5f4d7b8cf0e38c0c07
  iRate: 8de5eaeca627c7708c8aec279eeb8daf2551c774
  TestFlightSDK: 940906d4b2550cf397c6f2d2fcc4ebfdcd8ae858

COCOAPODS: 0.25.0
