// !$*UTF8*$!
{
	archiveVersion = 1;
	classes = {
	};
	objectVersion = 46;
	objects = {

/* Begin PBXAggregateTarget section */
		8DD1083417F7CC4D00C7603A /* mogenerator */ = {
			isa = PBXAggregateTarget;
			buildConfigurationList = 8DD1083517F7CC4D00C7603A /* Build configuration list for PBXAggregateTarget "mogenerator" */;
			buildPhases = (
				8DD1083817F7CC7C00C7603A /* ShellScript */,
			);
			dependencies = (
			);
			name = mogenerator;
			productName = mogenerator;
		};
/* End PBXAggregateTarget section */

/* Begin PBXBuildFile section */
		0FE6A841A5714E3990CFFCE2 /* libPods.a in Frameworks */ = {isa = PBXBuildFile; fileRef = 3C960EACE78743968C58BB33 /* libPods.a */; };
		8DCE1C4917F8FE180028E595 /* GVUserDefaults+DRUserDefaults.m in Sources */ = {isa = PBXBuildFile; fileRef = 8DCE1C4817F8FE180028E595 /* GVUserDefaults+DRUserDefaults.m */; };
		8DCE1C4B17F93E430028E595 /* Crashlytics.framework in Frameworks */ = {isa = PBXBuildFile; fileRef = 8DCE1C4A17F93E430028E595 /* Crashlytics.framework */; };
		8DD107F717F7CB8E00C7603A /* Foundation.framework in Frameworks */ = {isa = PBXBuildFile; fileRef = 8DD107F617F7CB8E00C7603A /* Foundation.framework */; };
		8DD107F917F7CB8E00C7603A /* CoreGraphics.framework in Frameworks */ = {isa = PBXBuildFile; fileRef = 8DD107F817F7CB8E00C7603A /* CoreGraphics.framework */; };
		8DD107FB17F7CB8E00C7603A /* UIKit.framework in Frameworks */ = {isa = PBXBuildFile; fileRef = 8DD107FA17F7CB8E00C7603A /* UIKit.framework */; };
		8DD107FD17F7CB8E00C7603A /* CoreData.framework in Frameworks */ = {isa = PBXBuildFile; fileRef = 8DD107FC17F7CB8E00C7603A /* CoreData.framework */; };
		8DD1080317F7CB8E00C7603A /* InfoPlist.strings in Resources */ = {isa = PBXBuildFile; fileRef = 8DD1080117F7CB8E00C7603A /* InfoPlist.strings */; };
		8DD1080517F7CB8E00C7603A /* main.m in Sources */ = {isa = PBXBuildFile; fileRef = 8DD1080417F7CB8E00C7603A /* main.m */; };
		8DD1080917F7CB8E00C7603A /* DRAppDelegate.m in Sources */ = {isa = PBXBuildFile; fileRef = 8DD1080817F7CB8E00C7603A /* DRAppDelegate.m */; };
		8DD1080C17F7CB8E00C7603A /* Main.storyboard in Resources */ = {isa = PBXBuildFile; fileRef = 8DD1080A17F7CB8E00C7603A /* Main.storyboard */; };
		8DD1080F17F7CB8E00C7603A /* Deep_Link_Helper.xcdatamodeld in Sources */ = {isa = PBXBuildFile; fileRef = 8DD1080D17F7CB8E00C7603A /* Deep_Link_Helper.xcdatamodeld */; };
		8DD1081217F7CB8F00C7603A /* DRMasterViewController.m in Sources */ = {isa = PBXBuildFile; fileRef = 8DD1081117F7CB8F00C7603A /* DRMasterViewController.m */; };
		8DD1081517F7CB8F00C7603A /* DRDetailViewController.m in Sources */ = {isa = PBXBuildFile; fileRef = 8DD1081417F7CB8F00C7603A /* DRDetailViewController.m */; };
		8DD1081717F7CB8F00C7603A /* Images.xcassets in Resources */ = {isa = PBXBuildFile; fileRef = 8DD1081617F7CB8F00C7603A /* Images.xcassets */; };
		8DD1081E17F7CB8F00C7603A /* XCTest.framework in Frameworks */ = {isa = PBXBuildFile; fileRef = 8DD1081D17F7CB8F00C7603A /* XCTest.framework */; };
		8DD1081F17F7CB8F00C7603A /* Foundation.framework in Frameworks */ = {isa = PBXBuildFile; fileRef = 8DD107F617F7CB8E00C7603A /* Foundation.framework */; };
		8DD1082017F7CB8F00C7603A /* UIKit.framework in Frameworks */ = {isa = PBXBuildFile; fileRef = 8DD107FA17F7CB8E00C7603A /* UIKit.framework */; };
		8DD1082117F7CB8F00C7603A /* CoreData.framework in Frameworks */ = {isa = PBXBuildFile; fileRef = 8DD107FC17F7CB8E00C7603A /* CoreData.framework */; };
		8DD1082917F7CB8F00C7603A /* InfoPlist.strings in Resources */ = {isa = PBXBuildFile; fileRef = 8DD1082717F7CB8F00C7603A /* InfoPlist.strings */; };
		8DD1082B17F7CB8F00C7603A /* Deep_Link_HelperTests.m in Sources */ = {isa = PBXBuildFile; fileRef = 8DD1082A17F7CB8F00C7603A /* Deep_Link_HelperTests.m */; };
		8DD1083E17F7CE4C00C7603A /* _DRLink.m in Sources */ = {isa = PBXBuildFile; fileRef = 8DD1083B17F7CE4C00C7603A /* _DRLink.m */; };
		8DD1083F17F7CE4C00C7603A /* DRLink.m in Sources */ = {isa = PBXBuildFile; fileRef = 8DD1083D17F7CE4C00C7603A /* DRLink.m */; };
		8DD1084517F7E76700C7603A /* DRAboutViewController.m in Sources */ = {isa = PBXBuildFile; fileRef = 8DD1084417F7E76700C7603A /* DRAboutViewController.m */; };
		8DD1084817F7ECF100C7603A /* DRCommon.m in Sources */ = {isa = PBXBuildFile; fileRef = 8DD1084717F7ECF100C7603A /* DRCommon.m */; };
/* End PBXBuildFile section */

/* Begin PBXContainerItemProxy section */
		8DD1082217F7CB8F00C7603A /* PBXContainerItemProxy */ = {
			isa = PBXContainerItemProxy;
			containerPortal = 8DD107EB17F7CB8E00C7603A /* Project object */;
			proxyType = 1;
			remoteGlobalIDString = 8DD107F217F7CB8E00C7603A;
			remoteInfo = "Deep Link Helper";
		};
/* End PBXContainerItemProxy section */

/* Begin PBXFileReference section */
		3C960EACE78743968C58BB33 /* libPods.a */ = {isa = PBXFileReference; explicitFileType = archive.ar; includeInIndex = 0; path = libPods.a; sourceTree = BUILT_PRODUCTS_DIR; };
		8DCE1C4717F8FE180028E595 /* GVUserDefaults+DRUserDefaults.h */ = {isa = PBXFileReference; fileEncoding = 4; lastKnownFileType = sourcecode.c.h; path = "GVUserDefaults+DRUserDefaults.h"; sourceTree = "<group>"; };
		8DCE1C4817F8FE180028E595 /* GVUserDefaults+DRUserDefaults.m */ = {isa = PBXFileReference; fileEncoding = 4; lastKnownFileType = sourcecode.c.objc; path = "GVUserDefaults+DRUserDefaults.m"; sourceTree = "<group>"; };
		8DCE1C4A17F93E430028E595 /* Crashlytics.framework */ = {isa = PBXFileReference; lastKnownFileType = wrapper.framework; path = Crashlytics.framework; sourceTree = "<group>"; };
		8DD107F317F7CB8E00C7603A /* Go Deep.app */ = {isa = PBXFileReference; explicitFileType = wrapper.application; includeInIndex = 0; path = "Go Deep.app"; sourceTree = BUILT_PRODUCTS_DIR; };
		8DD107F617F7CB8E00C7603A /* Foundation.framework */ = {isa = PBXFileReference; lastKnownFileType = wrapper.framework; name = Foundation.framework; path = System/Library/Frameworks/Foundation.framework; sourceTree = SDKROOT; };
		8DD107F817F7CB8E00C7603A /* CoreGraphics.framework */ = {isa = PBXFileReference; lastKnownFileType = wrapper.framework; name = CoreGraphics.framework; path = System/Library/Frameworks/CoreGraphics.framework; sourceTree = SDKROOT; };
		8DD107FA17F7CB8E00C7603A /* UIKit.framework */ = {isa = PBXFileReference; lastKnownFileType = wrapper.framework; name = UIKit.framework; path = System/Library/Frameworks/UIKit.framework; sourceTree = SDKROOT; };
		8DD107FC17F7CB8E00C7603A /* CoreData.framework */ = {isa = PBXFileReference; lastKnownFileType = wrapper.framework; name = CoreData.framework; path = System/Library/Frameworks/CoreData.framework; sourceTree = SDKROOT; };
		8DD1080017F7CB8E00C7603A /* Deep Link Helper-Info.plist */ = {isa = PBXFileReference; lastKnownFileType = text.plist.xml; path = "Deep Link Helper-Info.plist"; sourceTree = "<group>"; };
		8DD1080217F7CB8E00C7603A /* en */ = {isa = PBXFileReference; lastKnownFileType = text.plist.strings; name = en; path = en.lproj/InfoPlist.strings; sourceTree = "<group>"; };
		8DD1080417F7CB8E00C7603A /* main.m */ = {isa = PBXFileReference; lastKnownFileType = sourcecode.c.objc; path = main.m; sourceTree = "<group>"; };
		8DD1080617F7CB8E00C7603A /* Deep Link Helper-Prefix.pch */ = {isa = PBXFileReference; lastKnownFileType = sourcecode.c.h; path = "Deep Link Helper-Prefix.pch"; sourceTree = "<group>"; };
		8DD1080717F7CB8E00C7603A /* DRAppDelegate.h */ = {isa = PBXFileReference; lastKnownFileType = sourcecode.c.h; path = DRAppDelegate.h; sourceTree = "<group>"; };
		8DD1080817F7CB8E00C7603A /* DRAppDelegate.m */ = {isa = PBXFileReference; lastKnownFileType = sourcecode.c.objc; path = DRAppDelegate.m; sourceTree = "<group>"; };
		8DD1080B17F7CB8E00C7603A /* Base */ = {isa = PBXFileReference; lastKnownFileType = file.storyboard; name = Base; path = Base.lproj/Main.storyboard; sourceTree = "<group>"; };
		8DD1080E17F7CB8E00C7603A /* Deep_Link_Helper.xcdatamodel */ = {isa = PBXFileReference; lastKnownFileType = wrapper.xcdatamodel; path = Deep_Link_Helper.xcdatamodel; sourceTree = "<group>"; };
		8DD1081017F7CB8F00C7603A /* DRMasterViewController.h */ = {isa = PBXFileReference; lastKnownFileType = sourcecode.c.h; path = DRMasterViewController.h; sourceTree = "<group>"; };
		8DD1081117F7CB8F00C7603A /* DRMasterViewController.m */ = {isa = PBXFileReference; lastKnownFileType = sourcecode.c.objc; path = DRMasterViewController.m; sourceTree = "<group>"; };
		8DD1081317F7CB8F00C7603A /* DRDetailViewController.h */ = {isa = PBXFileReference; lastKnownFileType = sourcecode.c.h; path = DRDetailViewController.h; sourceTree = "<group>"; };
		8DD1081417F7CB8F00C7603A /* DRDetailViewController.m */ = {isa = PBXFileReference; lastKnownFileType = sourcecode.c.objc; path = DRDetailViewController.m; sourceTree = "<group>"; };
		8DD1081617F7CB8F00C7603A /* Images.xcassets */ = {isa = PBXFileReference; lastKnownFileType = folder.assetcatalog; path = Images.xcassets; sourceTree = "<group>"; };
		8DD1081C17F7CB8F00C7603A /* Deep Link HelperTests.xctest */ = {isa = PBXFileReference; explicitFileType = wrapper.cfbundle; includeInIndex = 0; path = "Deep Link HelperTests.xctest"; sourceTree = BUILT_PRODUCTS_DIR; };
		8DD1081D17F7CB8F00C7603A /* XCTest.framework */ = {isa = PBXFileReference; lastKnownFileType = wrapper.framework; name = XCTest.framework; path = Library/Frameworks/XCTest.framework; sourceTree = DEVELOPER_DIR; };
		8DD1082617F7CB8F00C7603A /* Deep Link HelperTests-Info.plist */ = {isa = PBXFileReference; lastKnownFileType = text.plist.xml; path = "Deep Link HelperTests-Info.plist"; sourceTree = "<group>"; };
		8DD1082817F7CB8F00C7603A /* en */ = {isa = PBXFileReference; lastKnownFileType = text.plist.strings; name = en; path = en.lproj/InfoPlist.strings; sourceTree = "<group>"; };
		8DD1082A17F7CB8F00C7603A /* Deep_Link_HelperTests.m */ = {isa = PBXFileReference; lastKnownFileType = sourcecode.c.objc; path = Deep_Link_HelperTests.m; sourceTree = "<group>"; };
		8DD1083A17F7CE4C00C7603A /* _DRLink.h */ = {isa = PBXFileReference; fileEncoding = 4; lastKnownFileType = sourcecode.c.h; path = _DRLink.h; sourceTree = "<group>"; };
		8DD1083B17F7CE4C00C7603A /* _DRLink.m */ = {isa = PBXFileReference; fileEncoding = 4; lastKnownFileType = sourcecode.c.objc; path = _DRLink.m; sourceTree = "<group>"; };
		8DD1083C17F7CE4C00C7603A /* DRLink.h */ = {isa = PBXFileReference; fileEncoding = 4; lastKnownFileType = sourcecode.c.h; path = DRLink.h; sourceTree = "<group>"; };
		8DD1083D17F7CE4C00C7603A /* DRLink.m */ = {isa = PBXFileReference; fileEncoding = 4; lastKnownFileType = sourcecode.c.objc; path = DRLink.m; sourceTree = "<group>"; };
		8DD1084317F7E76700C7603A /* DRAboutViewController.h */ = {isa = PBXFileReference; fileEncoding = 4; lastKnownFileType = sourcecode.c.h; path = DRAboutViewController.h; sourceTree = "<group>"; };
		8DD1084417F7E76700C7603A /* DRAboutViewController.m */ = {isa = PBXFileReference; fileEncoding = 4; lastKnownFileType = sourcecode.c.objc; path = DRAboutViewController.m; sourceTree = "<group>"; };
		8DD1084617F7ECF100C7603A /* DRCommon.h */ = {isa = PBXFileReference; fileEncoding = 4; lastKnownFileType = sourcecode.c.h; path = DRCommon.h; sourceTree = "<group>"; };
		8DD1084717F7ECF100C7603A /* DRCommon.m */ = {isa = PBXFileReference; fileEncoding = 4; lastKnownFileType = sourcecode.c.objc; path = DRCommon.m; sourceTree = "<group>"; };
		D74BF96984C64C22923ED5F8 /* Pods.xcconfig */ = {isa = PBXFileReference; includeInIndex = 1; lastKnownFileType = text.xcconfig; name = Pods.xcconfig; path = Pods/Pods.xcconfig; sourceTree = "<group>"; };
/* End PBXFileReference section */

/* Begin PBXFrameworksBuildPhase section */
		8DD107F017F7CB8E00C7603A /* Frameworks */ = {
			isa = PBXFrameworksBuildPhase;
			buildActionMask = 2147483647;
			files = (
				8DD107F917F7CB8E00C7603A /* CoreGraphics.framework in Frameworks */,
				8DD107FD17F7CB8E00C7603A /* CoreData.framework in Frameworks */,
				8DD107FB17F7CB8E00C7603A /* UIKit.framework in Frameworks */,
				8DD107F717F7CB8E00C7603A /* Foundation.framework in Frameworks */,
				8DCE1C4B17F93E430028E595 /* Crashlytics.framework in Frameworks */,
				0FE6A841A5714E3990CFFCE2 /* libPods.a in Frameworks */,
			);
			runOnlyForDeploymentPostprocessing = 0;
		};
		8DD1081917F7CB8F00C7603A /* Frameworks */ = {
			isa = PBXFrameworksBuildPhase;
			buildActionMask = 2147483647;
			files = (
				8DD1081E17F7CB8F00C7603A /* XCTest.framework in Frameworks */,
				8DD1082117F7CB8F00C7603A /* CoreData.framework in Frameworks */,
				8DD1082017F7CB8F00C7603A /* UIKit.framework in Frameworks */,
				8DD1081F17F7CB8F00C7603A /* Foundation.framework in Frameworks */,
			);
			runOnlyForDeploymentPostprocessing = 0;
		};
/* End PBXFrameworksBuildPhase section */

/* Begin PBXGroup section */
		8DD107EA17F7CB8E00C7603A = {
			isa = PBXGroup;
			children = (
				8DD107FE17F7CB8E00C7603A /* Deep Link Helper */,
				8DD1082417F7CB8F00C7603A /* Deep Link HelperTests */,
				8DD107F517F7CB8E00C7603A /* Frameworks */,
				8DD107F417F7CB8E00C7603A /* Products */,
				D74BF96984C64C22923ED5F8 /* Pods.xcconfig */,
			);
			sourceTree = "<group>";
		};
		8DD107F417F7CB8E00C7603A /* Products */ = {
			isa = PBXGroup;
			children = (
				8DD107F317F7CB8E00C7603A /* Go Deep.app */,
				8DD1081C17F7CB8F00C7603A /* Deep Link HelperTests.xctest */,
			);
			name = Products;
			sourceTree = "<group>";
		};
		8DD107F517F7CB8E00C7603A /* Frameworks */ = {
			isa = PBXGroup;
			children = (
				8DCE1C4A17F93E430028E595 /* Crashlytics.framework */,
				8DD107F617F7CB8E00C7603A /* Foundation.framework */,
				8DD107F817F7CB8E00C7603A /* CoreGraphics.framework */,
				8DD107FA17F7CB8E00C7603A /* UIKit.framework */,
				8DD107FC17F7CB8E00C7603A /* CoreData.framework */,
				8DD1081D17F7CB8F00C7603A /* XCTest.framework */,
				3C960EACE78743968C58BB33 /* libPods.a */,
			);
			name = Frameworks;
			sourceTree = "<group>";
		};
		8DD107FE17F7CB8E00C7603A /* Deep Link Helper */ = {
			isa = PBXGroup;
			children = (
				8DD1083917F7CE4C00C7603A /* Model */,
				8DD1080717F7CB8E00C7603A /* DRAppDelegate.h */,
				8DD1080817F7CB8E00C7603A /* DRAppDelegate.m */,
				8DD1080A17F7CB8E00C7603A /* Main.storyboard */,
				8DD1081017F7CB8F00C7603A /* DRMasterViewController.h */,
				8DD1081117F7CB8F00C7603A /* DRMasterViewController.m */,
				8DD1081317F7CB8F00C7603A /* DRDetailViewController.h */,
				8DD1081417F7CB8F00C7603A /* DRDetailViewController.m */,
				8DD1084317F7E76700C7603A /* DRAboutViewController.h */,
				8DD1084417F7E76700C7603A /* DRAboutViewController.m */,
				8DCE1C4717F8FE180028E595 /* GVUserDefaults+DRUserDefaults.h */,
				8DCE1C4817F8FE180028E595 /* GVUserDefaults+DRUserDefaults.m */,
				8DD1081617F7CB8F00C7603A /* Images.xcassets */,
				8DD1080D17F7CB8E00C7603A /* Deep_Link_Helper.xcdatamodeld */,
				8DD107FF17F7CB8E00C7603A /* Supporting Files */,
				8DD1084617F7ECF100C7603A /* DRCommon.h */,
				8DD1084717F7ECF100C7603A /* DRCommon.m */,
			);
			path = "Deep Link Helper";
			sourceTree = "<group>";
		};
		8DD107FF17F7CB8E00C7603A /* Supporting Files */ = {
			isa = PBXGroup;
			children = (
				8DD1080017F7CB8E00C7603A /* Deep Link Helper-Info.plist */,
				8DD1080117F7CB8E00C7603A /* InfoPlist.strings */,
				8DD1080417F7CB8E00C7603A /* main.m */,
				8DD1080617F7CB8E00C7603A /* Deep Link Helper-Prefix.pch */,
			);
			name = "Supporting Files";
			sourceTree = "<group>";
		};
		8DD1082417F7CB8F00C7603A /* Deep Link HelperTests */ = {
			isa = PBXGroup;
			children = (
				8DD1082A17F7CB8F00C7603A /* Deep_Link_HelperTests.m */,
				8DD1082517F7CB8F00C7603A /* Supporting Files */,
			);
			path = "Deep Link HelperTests";
			sourceTree = "<group>";
		};
		8DD1082517F7CB8F00C7603A /* Supporting Files */ = {
			isa = PBXGroup;
			children = (
				8DD1082617F7CB8F00C7603A /* Deep Link HelperTests-Info.plist */,
				8DD1082717F7CB8F00C7603A /* InfoPlist.strings */,
			);
			name = "Supporting Files";
			sourceTree = "<group>";
		};
		8DD1083917F7CE4C00C7603A /* Model */ = {
			isa = PBXGroup;
			children = (
				8DD1083A17F7CE4C00C7603A /* _DRLink.h */,
				8DD1083B17F7CE4C00C7603A /* _DRLink.m */,
				8DD1083C17F7CE4C00C7603A /* DRLink.h */,
				8DD1083D17F7CE4C00C7603A /* DRLink.m */,
			);
			path = Model;
			sourceTree = "<group>";
		};
/* End PBXGroup section */

/* Begin PBXNativeTarget section */
		8DD107F217F7CB8E00C7603A /* Deep Link Helper */ = {
			isa = PBXNativeTarget;
			buildConfigurationList = 8DD1082E17F7CB8F00C7603A /* Build configuration list for PBXNativeTarget "Deep Link Helper" */;
			buildPhases = (
				0FF3820A7B1B469FA4A40601 /* Check Pods Manifest.lock */,
				8DD107EF17F7CB8E00C7603A /* Sources */,
				8DD107F017F7CB8E00C7603A /* Frameworks */,
				8DD107F117F7CB8E00C7603A /* Resources */,
				A804FF925B1746069E9ADA1A /* Copy Pods Resources */,
				8DC4F92D17F80D4700B15CAE /* ShellScript */,
			);
			buildRules = (
			);
			dependencies = (
			);
			name = "Deep Link Helper";
			productName = "Deep Link Helper";
			productReference = 8DD107F317F7CB8E00C7603A /* Go Deep.app */;
			productType = "com.apple.product-type.application";
		};
		8DD1081B17F7CB8F00C7603A /* Deep Link HelperTests */ = {
			isa = PBXNativeTarget;
			buildConfigurationList = 8DD1083117F7CB8F00C7603A /* Build configuration list for PBXNativeTarget "Deep Link HelperTests" */;
			buildPhases = (
				8DD1081817F7CB8F00C7603A /* Sources */,
				8DD1081917F7CB8F00C7603A /* Frameworks */,
				8DD1081A17F7CB8F00C7603A /* Resources */,
			);
			buildRules = (
			);
			dependencies = (
				8DD1082317F7CB8F00C7603A /* PBXTargetDependency */,
			);
			name = "Deep Link HelperTests";
			productName = "Deep Link HelperTests";
			productReference = 8DD1081C17F7CB8F00C7603A /* Deep Link HelperTests.xctest */;
			productType = "com.apple.product-type.bundle.unit-test";
		};
/* End PBXNativeTarget section */

/* Begin PBXProject section */
		8DD107EB17F7CB8E00C7603A /* Project object */ = {
			isa = PBXProject;
			attributes = {
				CLASSPREFIX = DR;
				LastUpgradeCheck = 0500;
				ORGANIZATIONNAME = "Dr. Jon's Danger Ray, Inc.";
				TargetAttributes = {
					8DD1081B17F7CB8F00C7603A = {
						TestTargetID = 8DD107F217F7CB8E00C7603A;
					};
				};
			};
			buildConfigurationList = 8DD107EE17F7CB8E00C7603A /* Build configuration list for PBXProject "Deep Link Helper" */;
			compatibilityVersion = "Xcode 3.2";
			developmentRegion = English;
			hasScannedForEncodings = 0;
			knownRegions = (
				en,
				Base,
			);
			mainGroup = 8DD107EA17F7CB8E00C7603A;
			productRefGroup = 8DD107F417F7CB8E00C7603A /* Products */;
			projectDirPath = "";
			projectRoot = "";
			targets = (
				8DD107F217F7CB8E00C7603A /* Deep Link Helper */,
				8DD1081B17F7CB8F00C7603A /* Deep Link HelperTests */,
				8DD1083417F7CC4D00C7603A /* mogenerator */,
			);
		};
/* End PBXProject section */

/* Begin PBXResourcesBuildPhase section */
		8DD107F117F7CB8E00C7603A /* Resources */ = {
			isa = PBXResourcesBuildPhase;
			buildActionMask = 2147483647;
			files = (
				8DD1081717F7CB8F00C7603A /* Images.xcassets in Resources */,
				8DD1080317F7CB8E00C7603A /* InfoPlist.strings in Resources */,
				8DD1080C17F7CB8E00C7603A /* Main.storyboard in Resources */,
			);
			runOnlyForDeploymentPostprocessing = 0;
		};
		8DD1081A17F7CB8F00C7603A /* Resources */ = {
			isa = PBXResourcesBuildPhase;
			buildActionMask = 2147483647;
			files = (
				8DD1082917F7CB8F00C7603A /* InfoPlist.strings in Resources */,
			);
			runOnlyForDeploymentPostprocessing = 0;
		};
/* End PBXResourcesBuildPhase section */

/* Begin PBXShellScriptBuildPhase section */
		0FF3820A7B1B469FA4A40601 /* Check Pods Manifest.lock */ = {
			isa = PBXShellScriptBuildPhase;
			buildActionMask = 2147483647;
			files = (
			);
			inputPaths = (
			);
			name = "Check Pods Manifest.lock";
			outputPaths = (
			);
			runOnlyForDeploymentPostprocessing = 0;
			shellPath = /bin/sh;
			shellScript = "diff \"${PODS_ROOT}/../Podfile.lock\" \"${PODS_ROOT}/Manifest.lock\" > /dev/null\nif [[ $? != 0 ]] ; then\n    cat << EOM\nerror: The sandbox is not in sync with the Podfile.lock. Run 'pod install' or update your CocoaPods installation.\nEOM\n    exit 1\nfi\n";
			showEnvVarsInLog = 0;
		};
		8DC4F92D17F80D4700B15CAE /* ShellScript */ = {
			isa = PBXShellScriptBuildPhase;
			buildActionMask = 2147483647;
			files = (
			);
			inputPaths = (
			);
			outputPaths = (
			);
			runOnlyForDeploymentPostprocessing = 0;
			shellPath = /bin/sh;
			shellScript = "./Crashlytics.framework/run f1c3c195dc844f23c69a79bc77f3b5195edcbdcd";
		};
		8DD1083817F7CC7C00C7603A /* ShellScript */ = {
			isa = PBXShellScriptBuildPhase;
			buildActionMask = 2147483647;
			files = (
			);
			inputPaths = (
			);
			outputPaths = (
			);
			runOnlyForDeploymentPostprocessing = 0;
			shellPath = /bin/sh;
			shellScript = "mogenerator -m \"Deep Link Helper/Deep_Link_Helper.xcdatamodeld\" -O \"Deep Link Helper/Model\" --template-var arc=true";
		};
		A804FF925B1746069E9ADA1A /* Copy Pods Resources */ = {
			isa = PBXShellScriptBuildPhase;
			buildActionMask = 2147483647;
			files = (
			);
			inputPaths = (
			);
			name = "Copy Pods Resources";
			outputPaths = (
			);
			runOnlyForDeploymentPostprocessing = 0;
			shellPath = /bin/sh;
			shellScript = "\"${SRCROOT}/Pods/Pods-resources.sh\"\n";
			showEnvVarsInLog = 0;
		};
/* End PBXShellScriptBuildPhase section */

/* Begin PBXSourcesBuildPhase section */
		8DD107EF17F7CB8E00C7603A /* Sources */ = {
			isa = PBXSourcesBuildPhase;
			buildActionMask = 2147483647;
			files = (
				8DD1081217F7CB8F00C7603A /* DRMasterViewController.m in Sources */,
				8DD1083E17F7CE4C00C7603A /* _DRLink.m in Sources */,
				8DD1084817F7ECF100C7603A /* DRCommon.m in Sources */,
				8DD1084517F7E76700C7603A /* DRAboutViewController.m in Sources */,
				8DD1081517F7CB8F00C7603A /* DRDetailViewController.m in Sources */,
				8DD1080917F7CB8E00C7603A /* DRAppDelegate.m in Sources */,
				8DCE1C4917F8FE180028E595 /* GVUserDefaults+DRUserDefaults.m in Sources */,
				8DD1083F17F7CE4C00C7603A /* DRLink.m in Sources */,
				8DD1080F17F7CB8E00C7603A /* Deep_Link_Helper.xcdatamodeld in Sources */,
				8DD1080517F7CB8E00C7603A /* main.m in Sources */,
			);
			runOnlyForDeploymentPostprocessing = 0;
		};
		8DD1081817F7CB8F00C7603A /* Sources */ = {
			isa = PBXSourcesBuildPhase;
			buildActionMask = 2147483647;
			files = (
				8DD1082B17F7CB8F00C7603A /* Deep_Link_HelperTests.m in Sources */,
			);
			runOnlyForDeploymentPostprocessing = 0;
		};
/* End PBXSourcesBuildPhase section */

/* Begin PBXTargetDependency section */
		8DD1082317F7CB8F00C7603A /* PBXTargetDependency */ = {
			isa = PBXTargetDependency;
			target = 8DD107F217F7CB8E00C7603A /* Deep Link Helper */;
			targetProxy = 8DD1082217F7CB8F00C7603A /* PBXContainerItemProxy */;
		};
/* End PBXTargetDependency section */

/* Begin PBXVariantGroup section */
		8DD1080117F7CB8E00C7603A /* InfoPlist.strings */ = {
			isa = PBXVariantGroup;
			children = (
				8DD1080217F7CB8E00C7603A /* en */,
			);
			name = InfoPlist.strings;
			sourceTree = "<group>";
		};
		8DD1080A17F7CB8E00C7603A /* Main.storyboard */ = {
			isa = PBXVariantGroup;
			children = (
				8DD1080B17F7CB8E00C7603A /* Base */,
			);
			name = Main.storyboard;
			sourceTree = "<group>";
		};
		8DD1082717F7CB8F00C7603A /* InfoPlist.strings */ = {
			isa = PBXVariantGroup;
			children = (
				8DD1082817F7CB8F00C7603A /* en */,
			);
			name = InfoPlist.strings;
			sourceTree = "<group>";
		};
/* End PBXVariantGroup section */

/* Begin XCBuildConfiguration section */
		8DD1082C17F7CB8F00C7603A /* Debug */ = {
			isa = XCBuildConfiguration;
			buildSettings = {
				ALWAYS_SEARCH_USER_PATHS = NO;
				ARCHS = "$(ARCHS_STANDARD_INCLUDING_64_BIT)";
				CLANG_CXX_LANGUAGE_STANDARD = "gnu++0x";
				CLANG_CXX_LIBRARY = "libc++";
				CLANG_ENABLE_MODULES = YES;
				CLANG_ENABLE_OBJC_ARC = YES;
				CLANG_WARN_BOOL_CONVERSION = YES;
				CLANG_WARN_CONSTANT_CONVERSION = YES;
				CLANG_WARN_DIRECT_OBJC_ISA_USAGE = YES_ERROR;
				CLANG_WARN_EMPTY_BODY = YES;
				CLANG_WARN_ENUM_CONVERSION = YES;
				CLANG_WARN_INT_CONVERSION = YES;
				CLANG_WARN_OBJC_ROOT_CLASS = YES_ERROR;
				CLANG_WARN__DUPLICATE_METHOD_MATCH = YES;
				"CODE_SIGN_IDENTITY[sdk=iphoneos*]" = "iPhone Developer";
				COPY_PHASE_STRIP = NO;
				GCC_C_LANGUAGE_STANDARD = gnu99;
				GCC_DYNAMIC_NO_PIC = NO;
				GCC_OPTIMIZATION_LEVEL = 0;
				GCC_PREPROCESSOR_DEFINITIONS = (
					"DEBUG=1",
					"$(inherited)",
				);
				GCC_SYMBOLS_PRIVATE_EXTERN = NO;
				GCC_WARN_64_TO_32_BIT_CONVERSION = YES;
				GCC_WARN_ABOUT_RETURN_TYPE = YES_ERROR;
				GCC_WARN_UNDECLARED_SELECTOR = YES;
				GCC_WARN_UNINITIALIZED_AUTOS = YES;
				GCC_WARN_UNUSED_FUNCTION = YES;
				GCC_WARN_UNUSED_VARIABLE = YES;
				IPHONEOS_DEPLOYMENT_TARGET = 7.0;
				ONLY_ACTIVE_ARCH = YES;
				SDKROOT = iphoneos;
			};
			name = Debug;
		};
		8DD1082D17F7CB8F00C7603A /* Release */ = {
			isa = XCBuildConfiguration;
			buildSettings = {
				ALWAYS_SEARCH_USER_PATHS = NO;
				ARCHS = "$(ARCHS_STANDARD_INCLUDING_64_BIT)";
				CLANG_CXX_LANGUAGE_STANDARD = "gnu++0x";
				CLANG_CXX_LIBRARY = "libc++";
				CLANG_ENABLE_MODULES = YES;
				CLANG_ENABLE_OBJC_ARC = YES;
				CLANG_WARN_BOOL_CONVERSION = YES;
				CLANG_WARN_CONSTANT_CONVERSION = YES;
				CLANG_WARN_DIRECT_OBJC_ISA_USAGE = YES_ERROR;
				CLANG_WARN_EMPTY_BODY = YES;
				CLANG_WARN_ENUM_CONVERSION = YES;
				CLANG_WARN_INT_CONVERSION = YES;
				CLANG_WARN_OBJC_ROOT_CLASS = YES_ERROR;
				CLANG_WARN__DUPLICATE_METHOD_MATCH = YES;
				"CODE_SIGN_IDENTITY[sdk=iphoneos*]" = "iPhone Developer";
				COPY_PHASE_STRIP = YES;
				ENABLE_NS_ASSERTIONS = NO;
				GCC_C_LANGUAGE_STANDARD = gnu99;
				GCC_WARN_64_TO_32_BIT_CONVERSION = YES;
				GCC_WARN_ABOUT_RETURN_TYPE = YES_ERROR;
				GCC_WARN_UNDECLARED_SELECTOR = YES;
				GCC_WARN_UNINITIALIZED_AUTOS = YES;
				GCC_WARN_UNUSED_FUNCTION = YES;
				GCC_WARN_UNUSED_VARIABLE = YES;
				IPHONEOS_DEPLOYMENT_TARGET = 7.0;
				SDKROOT = iphoneos;
				VALIDATE_PRODUCT = YES;
			};
			name = Release;
		};
		8DD1082F17F7CB8F00C7603A /* Debug */ = {
			isa = XCBuildConfiguration;
			baseConfigurationReference = D74BF96984C64C22923ED5F8 /* Pods.xcconfig */;
			buildSettings = {
				ARCHS = "$(ARCHS_STANDARD)";
				ASSETCATALOG_COMPILER_APPICON_NAME = AppIcon;
				ASSETCATALOG_COMPILER_LAUNCHIMAGE_NAME = LaunchImage;
				FRAMEWORK_SEARCH_PATHS = (
					"$(inherited)",
					"/Users/jonsibley/Dropbox/iOS_Projects/Deep\\ Link\\ Helper/**",
					"/Users/jonsibley/Dropbox/iOS_Projects/Go\\ Deep",
				);
				GCC_PRECOMPILE_PREFIX_HEADER = YES;
				GCC_PREFIX_HEADER = "Deep Link Helper/Deep Link Helper-Prefix.pch";
				INFOPLIST_FILE = "Deep Link Helper/Deep Link Helper-Info.plist";
				IPHONEOS_DEPLOYMENT_TARGET = 7.0;
				PRODUCT_NAME = "Go Deep";
				TARGETED_DEVICE_FAMILY = "1,2";
				WRAPPER_EXTENSION = app;
			};
			name = Debug;
		};
		8DD1083017F7CB8F00C7603A /* Release */ = {
			isa = XCBuildConfiguration;
			baseConfigurationReference = D74BF96984C64C22923ED5F8 /* Pods.xcconfig */;
			buildSettings = {
				ARCHS = "$(ARCHS_STANDARD)";
				ASSETCATALOG_COMPILER_APPICON_NAME = AppIcon;
				ASSETCATALOG_COMPILER_LAUNCHIMAGE_NAME = LaunchImage;
				FRAMEWORK_SEARCH_PATHS = (
					"$(inherited)",
					"/Users/jonsibley/Dropbox/iOS_Projects/Deep\\ Link\\ Helper/**",
					"/Users/jonsibley/Dropbox/iOS_Projects/Go\\ Deep",
				);
				GCC_PRECOMPILE_PREFIX_HEADER = YES;
				GCC_PREFIX_HEADER = "Deep Link Helper/Deep Link Helper-Prefix.pch";
				INFOPLIST_FILE = "Deep Link Helper/Deep Link Helper-Info.plist";
				IPHONEOS_DEPLOYMENT_TARGET = 7.0;
				PRODUCT_NAME = "Go Deep";
				TARGETED_DEVICE_FAMILY = "1,2";
				WRAPPER_EXTENSION = app;
			};
			name = Release;
		};
		8DD1083217F7CB8F00C7603A /* Debug */ = {
			isa = XCBuildConfiguration;
			buildSettings = {
				ARCHS = "$(ARCHS_STANDARD_INCLUDING_64_BIT)";
				BUNDLE_LOADER = "$(BUILT_PRODUCTS_DIR)/Deep Link Helper.app/Deep Link Helper";
				FRAMEWORK_SEARCH_PATHS = (
					"$(SDKROOT)/Developer/Library/Frameworks",
					"$(inherited)",
					"$(DEVELOPER_FRAMEWORKS_DIR)",
				);
				GCC_PRECOMPILE_PREFIX_HEADER = YES;
				GCC_PREFIX_HEADER = "Deep Link Helper/Deep Link Helper-Prefix.pch";
				GCC_PREPROCESSOR_DEFINITIONS = (
					"DEBUG=1",
					"$(inherited)",
				);
				INFOPLIST_FILE = "Deep Link HelperTests/Deep Link HelperTests-Info.plist";
				PRODUCT_NAME = "$(TARGET_NAME)";
				TEST_HOST = "$(BUNDLE_LOADER)";
				WRAPPER_EXTENSION = xctest;
			};
			name = Debug;
		};
		8DD1083317F7CB8F00C7603A /* Release */ = {
			isa = XCBuildConfiguration;
			buildSettings = {
				ARCHS = "$(ARCHS_STANDARD_INCLUDING_64_BIT)";
				BUNDLE_LOADER = "$(BUILT_PRODUCTS_DIR)/Deep Link Helper.app/Deep Link Helper";
				FRAMEWORK_SEARCH_PATHS = (
					"$(SDKROOT)/Developer/Library/Frameworks",
					"$(inherited)",
					"$(DEVELOPER_FRAMEWORKS_DIR)",
				);
				GCC_PRECOMPILE_PREFIX_HEADER = YES;
				GCC_PREFIX_HEADER = "Deep Link Helper/Deep Link Helper-Prefix.pch";
				INFOPLIST_FILE = "Deep Link HelperTests/Deep Link HelperTests-Info.plist";
				PRODUCT_NAME = "$(TARGET_NAME)";
				TEST_HOST = "$(BUNDLE_LOADER)";
				WRAPPER_EXTENSION = xctest;
			};
			name = Release;
		};
		8DD1083617F7CC4D00C7603A /* Debug */ = {
			isa = XCBuildConfiguration;
			buildSettings = {
				PRODUCT_NAME = "$(TARGET_NAME)";
			};
			name = Debug;
		};
		8DD1083717F7CC4D00C7603A /* Release */ = {
			isa = XCBuildConfiguration;
			buildSettings = {
				PRODUCT_NAME = "$(TARGET_NAME)";
			};
			name = Release;
		};
/* End XCBuildConfiguration section */

/* Begin XCConfigurationList section */
		8DD107EE17F7CB8E00C7603A /* Build configuration list for PBXProject "Deep Link Helper" */ = {
			isa = XCConfigurationList;
			buildConfigurations = (
				8DD1082C17F7CB8F00C7603A /* Debug */,
				8DD1082D17F7CB8F00C7603A /* Release */,
			);
			defaultConfigurationIsVisible = 0;
			defaultConfigurationName = Release;
		};
		8DD1082E17F7CB8F00C7603A /* Build configuration list for PBXNativeTarget "Deep Link Helper" */ = {
			isa = XCConfigurationList;
			buildConfigurations = (
				8DD1082F17F7CB8F00C7603A /* Debug */,
				8DD1083017F7CB8F00C7603A /* Release */,
			);
			defaultConfigurationIsVisible = 0;
			defaultConfigurationName = Release;
		};
		8DD1083117F7CB8F00C7603A /* Build configuration list for PBXNativeTarget "Deep Link HelperTests" */ = {
			isa = XCConfigurationList;
			buildConfigurations = (
				8DD1083217F7CB8F00C7603A /* Debug */,
				8DD1083317F7CB8F00C7603A /* Release */,
			);
			defaultConfigurationIsVisible = 0;
			defaultConfigurationName = Release;
		};
		8DD1083517F7CC4D00C7603A /* Build configuration list for PBXAggregateTarget "mogenerator" */ = {
			isa = XCConfigurationList;
			buildConfigurations = (
				8DD1083617F7CC4D00C7603A /* Debug */,
				8DD1083717F7CC4D00C7603A /* Release */,
			);
			defaultConfigurationIsVisible = 0;
			defaultConfigurationName = Release;
		};
/* End XCConfigurationList section */

/* Begin XCVersionGroup section */
		8DD1080D17F7CB8E00C7603A /* Deep_Link_Helper.xcdatamodeld */ = {
			isa = XCVersionGroup;
			children = (
				8DD1080E17F7CB8E00C7603A /* Deep_Link_Helper.xcdatamodel */,
			);
			currentVersion = 8DD1080E17F7CB8E00C7603A /* Deep_Link_Helper.xcdatamodel */;
			path = Deep_Link_Helper.xcdatamodeld;
			sourceTree = "<group>";
			versionGroupType = wrapper.xcdatamodel;
		};
/* End XCVersionGroup section */
	};
	rootObject = 8DD107EB17F7CB8E00C7603A /* Project object */;
}
